
Microsoft Visual Studio Solution File, Format Version 12.00
# Visual Studio Version 16
VisualStudioVersion = 16.0.30717.126
MinimumVisualStudioVersion = 10.0.40219.1
Project("{FAE04EC0-301F-11D3-BF4B-00C04F79EFBC}") = "AspNetCoreApp", "AspNetCoreApp\AspNetCoreApp.csproj", "{5C00450A-AFE5-4C64-9414-2521F3147211}"
EndProject
Global
	GlobalSection(SolutionConfigurationPlatforms) = preSolution
		Debug|Any CPU = Debug|Any CPU
		Release|Any CPU = Release|Any CPU
	EndGlobalSection
	GlobalSection(ProjectConfigurationPlatforms) = postSolution
		{5C00450A-AFE5-4C64-9414-2521F3147211}.Debug|Any CPU.ActiveCfg = Debug|Any CPU
		{5C00450A-AFE5-4C64-9414-2521F3147211}.Debug|Any CPU.Build.0 = Debug|Any CPU
		{5C00450A-AFE5-4C64-9414-2521F3147211}.Release|Any CPU.ActiveCfg = Release|Any CPU
		{5C00450A-AFE5-4C64-9414-2521F3147211}.Release|Any CPU.Build.0 = Release|Any CPU
	EndGlobalSection
	GlobalSection(SolutionProperties) = preSolution
		HideSolutionNode = FALSE
	EndGlobalSection
	GlobalSection(ExtensibilityGlobals) = postSolution
		SolutionGuid = {921ABA5B-21E9-4C2B-8F06-83D32A497C9B}
	EndGlobalSection
EndGlobal
